NeoBundleLock VimClojure 2a17c249571395a7f45523d38cac6a9326ecf8f1
NeoBundleLock neobundle.vim f5ace1d749382ab5e5a22670d57c61303a927b72
NeoBundleLock neocomplcache d83bcbd0b142eb8de9d669ead26914cd7322a51c
NeoBundleLock neosnippet 044c9cb8ca46a5e27eec37198990c26fe707b02a
NeoBundleLock nerdtree 3b98a7fcae8f9fff356907171f0406ff8cd28921
NeoBundleLock syntastic 84add5b7f9a84dcc955d463a7dab639aa5bd031d
NeoBundleLock unite.vim e6ddf49ce4bda9db5e00252a5503a5eeb75f7027
NeoBundleLock vim-autoclose a9a3b7384657bc1f60a963fd6c08c63fc48d61c3
NeoBundleLock vim-slime a36a8846a649249e61661396919ff4107c7d1f26
NeoBundleLock vimproc 0f68bcd93399ecbcde3eaa4efd09107314c9bdee
NeoBundleLock vimshell b65c2d530a7e42572bf404c7f8744655a4091ebe
