NeoBundleLock benchvimrc-vim 00c5e2299d3c7fcba2ae4218ad7a8ebdf45e7737
NeoBundleLock caw.vim bb24d3bb06bd1c193f2b7b161775989b833e0c8e
NeoBundleLock dash.vim 9f14d09f621714d2af987be077fb547cfa9512a3
NeoBundleLock git-gutter-vim 948f1037d28eccd0b452c2598f734522bb08a0d0
NeoBundleLock indentLine afc214ca0700696c4d9f53d1a84e841c17bc7e7a
NeoBundleLock neobundle.vim f5ace1d749382ab5e5a22670d57c61303a927b72
NeoBundleLock neocomplcache d83bcbd0b142eb8de9d669ead26914cd7322a51c
NeoBundleLock nerdtree 3b98a7fcae8f9fff356907171f0406ff8cd28921
NeoBundleLock syntastic 84add5b7f9a84dcc955d463a7dab639aa5bd031d
NeoBundleLock vim-airline f45ecdac15d99ed2354873a8b4d40432fd0a85a3
NeoBundleLock vim-ansible-yaml 7067ab058866ec150cc27eaf954cbe04180d3256
NeoBundleLock vim-autoclose a9a3b7384657bc1f60a963fd6c08c63fc48d61c3
NeoBundleLock vim-coffee-script 827e4a38b07479433b619091469a7495a392df8a
NeoBundleLock vim-fugitive 4cc201cbe3a0c3faa4cde1b82ba941d410e5e81c
NeoBundleLock vim-scala 71ada50fc5e2b3c9fdbdb75835a218d2c245efec
NeoBundleLock vim-slim 0daaa8581f9a9968cebbc7d14ae9acf1625c0389
NeoBundleLock vim-slime a36a8846a649249e61661396919ff4107c7d1f26
